PODS:
  - AFNetworking (3.2.1):
    - AFNetworking/NSURLSession (= 3.2.1)
    - AFNetworking/Reachability (= 3.2.1)
    - AFNetworking/Security (= 3.2.1)
    - AFNetworking/Serialization (= 3.2.1)
    - AFNetworking/UIKit (= 3.2.1)
  - AFNetworking/NSURLSession (3.2.1):
    - AFNetworking/Reachability
    - AFNetworking/Security
    - AFNetworking/Serialization
  - AFNetworking/Reachability (3.2.1)
  - AFNetworking/Security (3.2.1)
  - AFNetworking/Serialization (3.2.1)
  - AFNetworking/UIKit (3.2.1):
    - AFNetworking/NSURLSession
  - AgoraRtcEngine_iOS (2.9.0.101)
  - AgoraRtm_iOS (1.2.2)
  - dsBridge (3.0.6)
  - MJExtension (3.0.17)
  - Whiteboard (2.6.1):
    - Whiteboard/Base (= 2.6.1)
    - Whiteboard/Converter (= 2.6.1)
    - Whiteboard/NativeReplayer (= 2.6.1)
    - Whiteboard/Object (= 2.6.1)
    - Whiteboard/Replayer (= 2.6.1)
    - Whiteboard/Room (= 2.6.1)
    - Whiteboard/Utils (= 2.6.1)
  - Whiteboard/Base (2.6.1):
    - dsBridge (~> 3.0.2)
    - Whiteboard/Object
  - Whiteboard/Converter (2.6.1):
    - Whiteboard/Object
  - Whiteboard/NativeReplayer (2.6.1):
    - Whiteboard/Replayer
  - Whiteboard/Object (2.6.1):
    - YYModel (~> 1.0.4)
  - Whiteboard/Replayer (2.6.1):
    - Whiteboard/Base
  - Whiteboard/Room (2.6.1):
    - Whiteboard/Base
  - Whiteboard/Utils (2.6.1):
    - Whiteboard/Base
  - YYModel (1.0.4)

DEPENDENCIES:
  - AFNetworking (~> 3.2.1)
  - AgoraRtcEngine_iOS (= 2.9.0.101)
  - AgoraRtm_iOS (~> 1.2.2)
  - MJExtension (~> 3.0.16)
  - Whiteboard (= 2.6.1)

SPEC REPOS:
  trunk:
    - AFNetworking
    - AgoraRtcEngine_iOS
    - AgoraRtm_iOS
    - dsBridge
    - MJExtension
    - Whiteboard
    - YYModel

SPEC CHECKSUMS:
  AFNetworking: b6f891fdfaed196b46c7a83cf209e09697b94057
  AgoraRtcEngine_iOS: b6fa28d6ebb95d0453e62b20eeec5ce66fdec5c7
  AgoraRtm_iOS: c6ba986a3af73dd0f02e6e2995ae4fe9c155e6ae
  dsBridge: 48b62ee8a411ad601a88d6f6c8cf6cb634b206b7
  MJExtension: 74ec83124a68891619fb7ba9c5c811bbf1691076
  Whiteboard: 525d3588999fc965db8ff7b8b3787d3cfb07bf8b
  YYModel: 2a7fdd96aaa4b86a824e26d0c517de8928c04b30

PODFILE CHECKSUM: cfeb0552d616875f6fdf457e36b575ebb67e700c

COCOAPODS: 1.8.4
